
Microsoft Visual Studio Solution File, Format Version 12.00
# Visual Studio 2013
VisualStudioVersion = 12.0.21005.1
MinimumVisualStudioVersion = 10.0.40219.1
Project("{FAE04EC0-301F-11D3-BF4B-00C04F79EFBC}") = "CodexQuota", "src\CodexQuota\CodexQuota.csproj", "{CB0E6148-9BB3-4212-8DE8-F4466D55A752}"
EndProject
Project("{FAE04EC0-301F-11D3-BF4B-00C04F79EFBC}") = "CodexQuota.Tests", "tests\CodexQuota.Tests\CodexQuota.Tests.csproj", "{C02C9766-269D-46BE-80EC-84EF8C45E7B1}"
EndProject
Global
	GlobalSection(SolutionConfigurationPlatforms) = preSolution
		Debug|Any CPU = Debug|Any CPU
		Release|Any CPU = Release|Any CPU
	EndGlobalSection
	GlobalSection(ProjectConfigurationPlatforms) = postSolution
		{CB0E6148-9BB3-4212-8DE8-F4466D55A752}.Debug|Any CPU.ActiveCfg = Debug|Any CPU
		{CB0E6148-9BB3-4212-8DE8-F4466D55A752}.Debug|Any CPU.Build.0 = Debug|Any CPU
		{CB0E6148-9BB3-4212-8DE8-F4466D55A752}.Release|Any CPU.ActiveCfg = Release|Any CPU
		{CB0E6148-9BB3-4212-8DE8-F4466D55A752}.Release|Any CPU.Build.0 = Release|Any CPU
		{C02C9766-269D-46BE-80EC-84EF8C45E7B1}.Debug|Any CPU.ActiveCfg = Debug|Any CPU
		{C02C9766-269D-46BE-80EC-84EF8C45E7B1}.Debug|Any CPU.Build.0 = Debug|Any CPU
		{C02C9766-269D-46BE-80EC-84EF8C45E7B1}.Release|Any CPU.ActiveCfg = Release|Any CPU
		{C02C9766-269D-46BE-80EC-84EF8C45E7B1}.Release|Any CPU.Build.0 = Release|Any CPU
	EndGlobalSection
EndGlobal
